
Microsoft Visual Studio Solution File, Format Version 12.00
# Visual Studio Version 16
VisualStudioVersion = 16.0.29806.167
MinimumVisualStudioVersion = 10.0.40219.1
Project("{8BC9CEB8-8B4A-11D0-8D11-00A0C91BC942}") = "ConsoleGameEngine", "ConsoleGameEngine\ConsoleGameEngine.vcxproj", "{48837CC2-EFE5-4FBA-ABEB-C30EC61DD9C1}"
EndProject
Global
	GlobalSection(SolutionConfigurationPlatforms) = preSolution
		Debug|x64 = Debug|x64
		Debug|x86 = Debug|x86
		Release|x64 = Release|x64
		Release|x86 = Release|x86
	EndGlobalSection
	GlobalSection(ProjectConfigurationPlatforms) = postSolution
		{48837CC2-EFE5-4FBA-ABEB-C30EC61DD9C1}.Debug|x64.ActiveCfg = Debug|x64
		{48837CC2-EFE5-4FBA-ABEB-C30EC61DD9C1}.Debug|x64.Build.0 = Debug|x64
		{48837CC2-EFE5-4FBA-ABEB-C30EC61DD9C1}.Debug|x86.ActiveCfg = Debug|Win32
		{48837CC2-EFE5-4FBA-ABEB-C30EC61DD9C1}.Debug|x86.Build.0 = Debug|Win32
		{48837CC2-EFE5-4FBA-ABEB-C30EC61DD9C1}.Release|x64.ActiveCfg = Release|x64
		{48837CC2-EFE5-4FBA-ABEB-C30EC61DD9C1}.Release|x64.Build.0 = Release|x64
		{48837CC2-EFE5-4FBA-ABEB-C30EC61DD9C1}.Release|x86.ActiveCfg = Release|Win32
		{48837CC2-EFE5-4FBA-ABEB-C30EC61DD9C1}.Release|x86.Build.0 = Release|Win32
	EndGlobalSection
	GlobalSection(SolutionProperties) = preSolution
		HideSolutionNode = FALSE
	EndGlobalSection
	GlobalSection(ExtensibilityGlobals) = postSolution
		SolutionGuid = {799427A7-BD73-4438-87AD-0CACD95227F5}
	EndGlobalSection
EndGlobal
